// !$*UTF8*$!
{
	archiveVersion = 1;
	classes = {
	};
	objectVersion = 50;
	objects = {

/* Begin PBXBuildFile section */
		C369EAF423A317440013BB62 /* AppDelegate.swift in Sources */ = {isa = PBXBuildFile; fileRef = C369EAF323A317440013BB62 /* AppDelegate.swift */; };
		C369EAF623A317440013BB62 /* SceneDelegate.swift in Sources */ = {isa = PBXBuildFile; fileRef = C369EAF523A317440013BB62 /* SceneDelegate.swift */; };
		C369EAF823A317440013BB62 /* ImageDowloadViewController.swift in Sources */ = {isa = PBXBuildFile; fileRef = C369EAF723A317440013BB62 /* ImageDowloadViewController.swift */; };
		C369EAFB23A317440013BB62 /* Main.storyboard in Resources */ = {isa = PBXBuildFile; fileRef = C369EAF923A317440013BB62 /* Main.storyboard */; };
		C369EAFD23A317450013BB62 /* Assets.xcassets in Resources */ = {isa = PBXBuildFile; fileRef = C369EAFC23A317450013BB62 /* Assets.xcassets */; };
		C369EB0023A317450013BB62 /* LaunchScreen.storyboard in Resources */ = {isa = PBXBuildFile; fileRef = C369EAFE23A317450013BB62 /* LaunchScreen.storyboard */; };
/* End PBXBuildFile section */

/* Begin PBXFileReference section */
		C369EAF023A317440013BB62 /* ImageDowloader.app */ = {isa = PBXFileReference; explicitFileType = wrapper.application; includeInIndex = 0; path = ImageDowloader.app; sourceTree = BUILT_PRODUCTS_DIR; };
		C369EAF323A317440013BB62 /* AppDelegate.swift */ = {isa = PBXFileReference; lastKnownFileType = sourcecode.swift; path = AppDelegate.swift; sourceTree = "<group>"; };
		C369EAF523A317440013BB62 /* SceneDelegate.swift */ = {isa = PBXFileReference; lastKnownFileType = sourcecode.swift; path = SceneDelegate.swift; sourceTree = "<group>"; };
		C369EAF723A317440013BB62 /* ImageDowloadViewController.swift */ = {isa = PBXFileReference; lastKnownFileType = sourcecode.swift; path = ImageDowloadViewController.swift; sourceTree = "<group>"; };
		C369EAFA23A317440013BB62 /* Base */ = {isa = PBXFileReference; lastKnownFileType = file.storyboard; name = Base; path = Base.lproj/Main.storyboard; sourceTree = "<group>"; };
		C369EAFC23A317450013BB62 /* Assets.xcassets */ = {isa = PBXFileReference; lastKnownFileType = folder.assetcatalog; path = Assets.xcassets; sourceTree = "<group>"; };
		C369EAFF23A317450013BB62 /* Base */ = {isa = PBXFileReference; lastKnownFileType = file.storyboard; name = Base; path = Base.lproj/LaunchScreen.storyboard; sourceTree = "<group>"; };
		C369EB0123A317450013BB62 /* Info.plist */ = {isa = PBXFileReference; lastKnownFileType = text.plist.xml; path = Info.plist; sourceTree = "<group>"; };
/* End PBXFileReference section */

/* Begin PBXFrameworksBuildPhase section */
		C369EAED23A317440013BB62 /* Frameworks */ = {
			isa = PBXFrameworksBuildPhase;
			buildActionMask = 2147483647;
			files = (
			);
			runOnlyForDeploymentPostprocessing = 0;
		};
/* End PBXFrameworksBuildPhase section */

/* Begin PBXGroup section */
		C369EAE723A317440013BB62 = {
			isa = PBXGroup;
			children = (
				C369EAF223A317440013BB62 /* ImageDowloader */,
				C369EAF123A317440013BB62 /* Products */,
			);
			sourceTree = "<group>";
		};
		C369EAF123A317440013BB62 /* Products */ = {
			isa = PBXGroup;
			children = (
				C369EAF023A317440013BB62 /* ImageDowloader.app */,
			);
			name = Products;
			sourceTree = "<group>";
		};
		C369EAF223A317440013BB62 /* ImageDowloader */ = {
			isa = PBXGroup;
			children = (
				C369EAF323A317440013BB62 /* AppDelegate.swift */,
				C369EAF523A317440013BB62 /* SceneDelegate.swift */,
				C369EAF723A317440013BB62 /* ImageDowloadViewController.swift */,
				C369EAF923A317440013BB62 /* Main.storyboard */,
				C369EAFC23A317450013BB62 /* Assets.xcassets */,
				C369EAFE23A317450013BB62 /* LaunchScreen.storyboard */,
				C369EB0123A317450013BB62 /* Info.plist */,
			);
			path = ImageDowloader;
			sourceTree = "<group>";
		};
/* End PBXGroup section */

/* Begin PBXNativeTarget section */
		C369EAEF23A317440013BB62 /* ImageDowloader */ = {
			isa = PBXNativeTarget;
			buildConfigurationList = C369EB0423A317450013BB62 /* Build configuration list for PBXNativeTarget "ImageDowloader" */;
			buildPhases = (
				C369EAEC23A317440013BB62 /* Sources */,
				C369EAED23A317440013BB62 /* Frameworks */,
				C369EAEE23A317440013BB62 /* Resources */,
			);
			buildRules = (
			);
			dependencies = (
			);
			name = ImageDowloader;
			productName = WorkItem;
			productReference = C369EAF023A317440013BB62 /* ImageDowloader.app */;
			productType = "com.apple.product-type.application";
		};
/* End PBXNativeTarget section */

/* Begin PBXProject section */
		C369EAE823A317440013BB62 /* Project object */ = {
			isa = PBXProject;
			attributes = {
				LastSwiftUpdateCheck = 1130;
				LastUpgradeCheck = 1130;
				ORGANIZATIONNAME = Seokho;
				TargetAttributes = {
					C369EAEF23A317440013BB62 = {
						CreatedOnToolsVersion = 11.3;
					};
				};
			};
			buildConfigurationList = C369EAEB23A317440013BB62 /* Build configuration list for PBXProject "ImageDowloader" */;
			compatibilityVersion = "Xcode 9.3";
			developmentRegion = en;
			hasScannedForEncodings = 0;
			knownRegions = (
				en,
				Base,
			);
			mainGroup = C369EAE723A317440013BB62;
			productRefGroup = C369EAF123A317440013BB62 /* Products */;
			projectDirPath = "";
			projectRoot = "";
			targets = (
				C369EAEF23A317440013BB62 /* ImageDowloader */,
			);
		};
/* End PBXProject section */

/* Begin PBXResourcesBuildPhase section */
		C369EAEE23A317440013BB62 /* Resources */ = {
			isa = PBXResourcesBuildPhase;
			buildActionMask = 2147483647;
			files = (
				C369EB0023A317450013BB62 /* LaunchScreen.storyboard in Resources */,
				C369EAFD23A317450013BB62 /* Assets.xcassets in Resources */,
				C369EAFB23A317440013BB62 /* Main.storyboard in Resources */,
			);
			runOnlyForDeploymentPostprocessing = 0;
		};
/* End PBXResourcesBuildPhase section */

/* Begin PBXSourcesBuildPhase section */
		C369EAEC23A317440013BB62 /* Sources */ = {
			isa = PBXSourcesBuildPhase;
			buildActionMask = 2147483647;
			files = (
				C369EAF823A317440013BB62 /* ImageDowloadViewController.swift in Sources */,
				C369EAF423A317440013BB62 /* AppDelegate.swift in Sources */,
				C369EAF623A317440013BB62 /* SceneDelegate.swift in Sources */,
			);
			runOnlyForDeploymentPostprocessing = 0;
		};
/* End PBXSourcesBuildPhase section */

/* Begin PBXVariantGroup section */
		C369EAF923A317440013BB62 /* Main.storyboard */ = {
			isa = PBXVariantGroup;
			children = (
				C369EAFA23A317440013BB62 /* Base */,
			);
			name = Main.storyboard;
			sourceTree = "<group>";
		};
		C369EAFE23A317450013BB62 /* LaunchScreen.storyboard */ = {
			isa = PBXVariantGroup;
			children = (
				C369EAFF23A317450013BB62 /* Base */,
			);
			name = LaunchScreen.storyboard;
			sourceTree = "<group>";
		};
/* End PBXVariantGroup section */

/* Begin XCBuildConfiguration section */
		C369EB0223A317450013BB62 /* Debug */ = {
			isa = XCBuildConfiguration;
			buildSettings = {
				ALWAYS_SEARCH_USER_PATHS = NO;
				CLANG_ANALYZER_NONNULL = YES;
				CLANG_ANALYZER_NUMBER_OBJECT_CONVERSION = YES_AGGRESSIVE;
				CLANG_CXX_LANGUAGE_STANDARD = "gnu++14";
				CLANG_CXX_LIBRARY = "libc++";
				CLANG_ENABLE_MODULES = YES;
				CLANG_ENABLE_OBJC_ARC = YES;
				CLANG_ENABLE_OBJC_WEAK = YES;
				CLANG_WARN_BLOCK_CAPTURE_AUTORELEASING = YES;
				CLANG_WARN_BOOL_CONVERSION = YES;
				CLANG_WARN_COMMA = YES;
				CLANG_WARN_CONSTANT_CONVERSION = YES;
				CLANG_WARN_DEPRECATED_OBJC_IMPLEMENTATIONS = YES;
				CLANG_WARN_DIRECT_OBJC_ISA_USAGE = YES_ERROR;
				CLANG_WARN_DOCUMENTATION_COMMENTS = YES;
				CLANG_WARN_EMPTY_BODY = YES;
				CLANG_WARN_ENUM_CONVERSION = YES;
				CLANG_WARN_INFINITE_RECURSION = YES;
				CLANG_WARN_INT_CONVERSION = YES;
				CLANG_WARN_NON_LITERAL_NULL_CONVERSION = YES;
				CLANG_WARN_OBJC_IMPLICIT_RETAIN_SELF = YES;
				CLANG_WARN_OBJC_LITERAL_CONVERSION = YES;
				CLANG_WARN_OBJC_ROOT_CLASS = YES_ERROR;
				CLANG_WARN_RANGE_LOOP_ANALYSIS = YES;
				CLANG_WARN_STRICT_PROTOTYPES = YES;
				CLANG_WARN_SUSPICIOUS_MOVE = YES;
				CLANG_WARN_UNGUARDED_AVAILABILITY = YES_AGGRESSIVE;
				CLANG_WARN_UNREACHABLE_CODE = YES;
				CLANG_WARN__DUPLICATE_METHOD_MATCH = YES;
				COPY_PHASE_STRIP = NO;
				DEBUG_INFORMATION_FORMAT = dwarf;
				ENABLE_STRICT_OBJC_MSGSEND = YES;
				ENABLE_TESTABILITY = YES;
				GCC_C_LANGUAGE_STANDARD = gnu11;
				GCC_DYNAMIC_NO_PIC = NO;
				GCC_NO_COMMON_BLOCKS = YES;
				GCC_OPTIMIZATION_LEVEL = 0;
				GCC_PREPROCESSOR_DEFINITIONS = (
					"DEBUG=1",
					"$(inherited)",
				);
				GCC_WARN_64_TO_32_BIT_CONVERSION = YES;
				GCC_WARN_ABOUT_RETURN_TYPE = YES_ERROR;
				GCC_WARN_UNDECLARED_SELECTOR = YES;
				GCC_WARN_UNINITIALIZED_AUTOS = YES_AGGRESSIVE;
				GCC_WARN_UNUSED_FUNCTION = YES;
				GCC_WARN_UNUSED_VARIABLE = YES;
				IPHONEOS_DEPLOYMENT_TARGET = 13.2;
				MTL_ENABLE_DEBUG_INFO = INCLUDE_SOURCE;
				MTL_FAST_MATH = YES;
				ONLY_ACTIVE_ARCH = YES;
				SDKROOT = iphoneos;
				SWIFT_ACTIVE_COMPILATION_CONDITIONS = DEBUG;
				SWIFT_OPTIMIZATION_LEVEL = "-Onone";
			};
			name = Debug;
		};
		C369EB0323A317450013BB62 /* Release */ = {
			isa = XCBuildConfiguration;
			buildSettings = {
				ALWAYS_SEARCH_USER_PATHS = NO;
				CLANG_ANALYZER_NONNULL = YES;
				CLANG_ANALYZER_NUMBER_OBJECT_CONVERSION = YES_AGGRESSIVE;
				CLANG_CXX_LANGUAGE_STANDARD = "gnu++14";
				CLANG_CXX_LIBRARY = "libc++";
				CLANG_ENABLE_MODULES = YES;
				CLANG_ENABLE_OBJC_ARC = YES;
				CLANG_ENABLE_OBJC_WEAK = YES;
				CLANG_WARN_BLOCK_CAPTURE_AUTORELEASING = YES;
				CLANG_WARN_BOOL_CONVERSION = YES;
				CLANG_WARN_COMMA = YES;
				CLANG_WARN_CONSTANT_CONVERSION = YES;
				CLANG_WARN_DEPRECATED_OBJC_IMPLEMENTATIONS = YES;
				CLANG_WARN_DIRECT_OBJC_ISA_USAGE = YES_ERROR;
				CLANG_WARN_DOCUMENTATION_COMMENTS = YES;
				CLANG_WARN_EMPTY_BODY = YES;
				CLANG_WARN_ENUM_CONVERSION = YES;
				CLANG_WARN_INFINITE_RECURSION = YES;
				CLANG_WARN_INT_CONVERSION = YES;
				CLANG_WARN_NON_LITERAL_NULL_CONVERSION = YES;
				CLANG_WARN_OBJC_IMPLICIT_RETAIN_SELF = YES;
				CLANG_WARN_OBJC_LITERAL_CONVERSION = YES;
				CLANG_WARN_OBJC_ROOT_CLASS = YES_ERROR;
				CLANG_WARN_RANGE_LOOP_ANALYSIS = YES;
				CLANG_WARN_STRICT_PROTOTYPES = YES;
				CLANG_WARN_SUSPICIOUS_MOVE = YES;
				CLANG_WARN_UNGUARDED_AVAILABILITY = YES_AGGRESSIVE;
				CLANG_WARN_UNREACHABLE_CODE = YES;
				CLANG_WARN__DUPLICATE_METHOD_MATCH = YES;
				COPY_PHASE_STRIP = NO;
				DEBUG_INFORMATION_FORMAT = "dwarf-with-dsym";
				ENABLE_NS_ASSERTIONS = NO;
				ENABLE_STRICT_OBJC_MSGSEND = YES;
				GCC_C_LANGUAGE_STANDARD = gnu11;
				GCC_NO_COMMON_BLOCKS = YES;
				GCC_WARN_64_TO_32_BIT_CONVERSION = YES;
				GCC_WARN_ABOUT_RETURN_TYPE = YES_ERROR;
				GCC_WARN_UNDECLARED_SELECTOR = YES;
				GCC_WARN_UNINITIALIZED_AUTOS = YES_AGGRESSIVE;
				GCC_WARN_UNUSED_FUNCTION = YES;
				GCC_WARN_UNUSED_VARIABLE = YES;
				IPHONEOS_DEPLOYMENT_TARGET = 13.2;
				MTL_ENABLE_DEBUG_INFO = NO;
				MTL_FAST_MATH = YES;
				SDKROOT = iphoneos;
				SWIFT_COMPILATION_MODE = wholemodule;
				SWIFT_OPTIMIZATION_LEVEL = "-O";
				VALIDATE_PRODUCT = YES;
			};
			name = Release;
		};
		C369EB0523A317450013BB62 /* Debug */ = {
			isa = XCBuildConfiguration;
			buildSettings = {
				ASSETCATALOG_COMPILER_APPICON_NAME = AppIcon;
				CODE_SIGN_STYLE = Automatic;
				DEVELOPMENT_TEAM = "";
				INFOPLIST_FILE = "$(SRCROOT)/ImageDowloader/Info.plist";
				LD_RUNPATH_SEARCH_PATHS = (
					"$(inherited)",
					"@executable_path/Frameworks",
				);
				PRODUCT_BUNDLE_IDENTIFIER = com.milkyo.app.ImageDowloader;
				PRODUCT_NAME = ImageDowloader;
				SWIFT_VERSION = 5.0;
				TARGETED_DEVICE_FAMILY = 1;
			};
			name = Debug;
		};
		C369EB0623A317450013BB62 /* Release */ = {
			isa = XCBuildConfiguration;
			buildSettings = {
				ASSETCATALOG_COMPILER_APPICON_NAME = AppIcon;
				CODE_SIGN_STYLE = Automatic;
				DEVELOPMENT_TEAM = "";
				INFOPLIST_FILE = "$(SRCROOT)/ImageDowloader/Info.plist";
				LD_RUNPATH_SEARCH_PATHS = (
					"$(inherited)",
					"@executable_path/Frameworks",
				);
				PRODUCT_BUNDLE_IDENTIFIER = com.milkyo.app.ImageDowloader;
				PRODUCT_NAME = ImageDowloader;
				SWIFT_VERSION = 5.0;
				TARGETED_DEVICE_FAMILY = 1;
			};
			name = Release;
		};
/* End XCBuildConfiguration section */

/* Begin XCConfigurationList section */
		C369EAEB23A317440013BB62 /* Build configuration list for PBXProject "ImageDowloader" */ = {
			isa = XCConfigurationList;
			buildConfigurations = (
				C369EB0223A317450013BB62 /* Debug */,
				C369EB0323A317450013BB62 /* Release */,
			);
			defaultConfigurationIsVisible = 0;
			defaultConfigurationName = Release;
		};
		C369EB0423A317450013BB62 /* Build configuration list for PBXNativeTarget "ImageDowloader" */ = {
			isa = XCConfigurationList;
			buildConfigurations = (
				C369EB0523A317450013BB62 /* Debug */,
				C369EB0623A317450013BB62 /* Release */,
			);
			defaultConfigurationIsVisible = 0;
			defaultConfigurationName = Release;
		};
/* End XCConfigurationList section */
	};
	rootObject = C369EAE823A317440013BB62 /* Project object */;
}
